Microsoft Visual Studio Solution File, Format Version 12.00
# Visual Studio Version 17
VisualStudioVersion = 17.5.2.0
MinimumVisualStudioVersion = 10.0.40219.1
Project("{FAE04EC0-301F-11D3-BF4B-00C04F79EFBC}") = "36. Valid Sudoku", "36. Valid Sudoku.csproj", "{356AD7A2-B755-D583-890D-5D3A245BDDC8}"
EndProject
Global
	GlobalSection(SolutionConfigurationPlatforms) = preSolution
		Debug|Any CPU = Debug|Any CPU
		Release|Any CPU = Release|Any CPU
	EndGlobalSection
	GlobalSection(ProjectConfigurationPlatforms) = postSolution
		{356AD7A2-B755-D583-890D-5D3A245BDDC8}.Debug|Any CPU.ActiveCfg = Debug|Any CPU
		{356AD7A2-B755-D583-890D-5D3A245BDDC8}.Debug|Any CPU.Build.0 = Debug|Any CPU
		{356AD7A2-B755-D583-890D-5D3A245BDDC8}.Release|Any CPU.ActiveCfg = Release|Any CPU
		{356AD7A2-B755-D583-890D-5D3A245BDDC8}.Release|Any CPU.Build.0 = Release|Any CPU
	EndGlobalSection
	GlobalSection(SolutionProperties) = preSolution
		HideSolutionNode = FALSE
	EndGlobalSection
	GlobalSection(ExtensibilityGlobals) = postSolution
		SolutionGuid = {26DD712E-864A-47CD-8802-C565B2D88018}
	EndGlobalSection
EndGlobal
