Microsoft Visual Studio Solution File, Format Version 12.00
# Visual Studio Version 17
VisualStudioVersion = 17.5.2.0
MinimumVisualStudioVersion = 10.0.40219.1
Project("{FAE04EC0-301F-11D3-BF4B-00C04F79EFBC}") = "88. Merge Sorted Array", "88. Merge Sorted Array.csproj", "{A09DC80C-EEF5-C07C-E0FC-C65CB0AE56DF}"
EndProject
Global
	GlobalSection(SolutionConfigurationPlatforms) = preSolution
		Debug|Any CPU = Debug|Any CPU
		Release|Any CPU = Release|Any CPU
	EndGlobalSection
	GlobalSection(ProjectConfigurationPlatforms) = postSolution
		{A09DC80C-EEF5-C07C-E0FC-C65CB0AE56DF}.Debug|Any CPU.ActiveCfg = Debug|Any CPU
		{A09DC80C-EEF5-C07C-E0FC-C65CB0AE56DF}.Debug|Any CPU.Build.0 = Debug|Any CPU
		{A09DC80C-EEF5-C07C-E0FC-C65CB0AE56DF}.Release|Any CPU.ActiveCfg = Release|Any CPU
		{A09DC80C-EEF5-C07C-E0FC-C65CB0AE56DF}.Release|Any CPU.Build.0 = Release|Any CPU
	EndGlobalSection
	GlobalSection(SolutionProperties) = preSolution
		HideSolutionNode = FALSE
	EndGlobalSection
	GlobalSection(ExtensibilityGlobals) = postSolution
		SolutionGuid = {15A54D04-890B-41D6-B15B-A14457385679}
	EndGlobalSection
EndGlobal
