Microsoft Visual Studio Solution File, Format Version 12.00
# Visual Studio Version 17
VisualStudioVersion = 17.5.2.0
MinimumVisualStudioVersion = 10.0.40219.1
Project("{FAE04EC0-301F-11D3-BF4B-00C04F79EFBC}") = "7. Reverse Integer", "7. Reverse Integer.csproj", "{F7864FF6-4A40-939E-20CF-463592BC373D}"
EndProject
Global
	GlobalSection(SolutionConfigurationPlatforms) = preSolution
		Debug|Any CPU = Debug|Any CPU
		Release|Any CPU = Release|Any CPU
	EndGlobalSection
	GlobalSection(ProjectConfigurationPlatforms) = postSolution
		{F7864FF6-4A40-939E-20CF-463592BC373D}.Debug|Any CPU.ActiveCfg = Debug|Any CPU
		{F7864FF6-4A40-939E-20CF-463592BC373D}.Debug|Any CPU.Build.0 = Debug|Any CPU
		{F7864FF6-4A40-939E-20CF-463592BC373D}.Release|Any CPU.ActiveCfg = Release|Any CPU
		{F7864FF6-4A40-939E-20CF-463592BC373D}.Release|Any CPU.Build.0 = Release|Any CPU
	EndGlobalSection
	GlobalSection(SolutionProperties) = preSolution
		HideSolutionNode = FALSE
	EndGlobalSection
	GlobalSection(ExtensibilityGlobals) = postSolution
		SolutionGuid = {E55C045D-2B98-4809-BE52-A0CA621054CB}
	EndGlobalSection
EndGlobal
