Microsoft Visual Studio Solution File, Format Version 12.00
# Visual Studio Version 17
VisualStudioVersion = 17.5.2.0
MinimumVisualStudioVersion = 10.0.40219.1
Project("{FAE04EC0-301F-11D3-BF4B-00C04F79EFBC}") = "349. Intersection of Two Arrays", "349. Intersection of Two Arrays.csproj", "{067F7FE5-B308-BB7F-35BA-EAB3B3E6ED40}"
EndProject
Global
	GlobalSection(SolutionConfigurationPlatforms) = preSolution
		Debug|Any CPU = Debug|Any CPU
		Release|Any CPU = Release|Any CPU
	EndGlobalSection
	GlobalSection(ProjectConfigurationPlatforms) = postSolution
		{067F7FE5-B308-BB7F-35BA-EAB3B3E6ED40}.Debug|Any CPU.ActiveCfg = Debug|Any CPU
		{067F7FE5-B308-BB7F-35BA-EAB3B3E6ED40}.Debug|Any CPU.Build.0 = Debug|Any CPU
		{067F7FE5-B308-BB7F-35BA-EAB3B3E6ED40}.Release|Any CPU.ActiveCfg = Release|Any CPU
		{067F7FE5-B308-BB7F-35BA-EAB3B3E6ED40}.Release|Any CPU.Build.0 = Release|Any CPU
	EndGlobalSection
	GlobalSection(SolutionProperties) = preSolution
		HideSolutionNode = FALSE
	EndGlobalSection
	GlobalSection(ExtensibilityGlobals) = postSolution
		SolutionGuid = {781A5843-8665-4CC6-AC76-D7C3D6C63505}
	EndGlobalSection
EndGlobal
