Microsoft Visual Studio Solution File, Format Version 12.00
# Visual Studio Version 17
VisualStudioVersion = 17.5.2.0
MinimumVisualStudioVersion = 10.0.40219.1
Project("{FAE04EC0-301F-11D3-BF4B-00C04F79EFBC}") = "168. Excel Sheet Column Title", "168. Excel Sheet Column Title.csproj", "{A080FD12-D52A-9263-801E-960585003096}"
EndProject
Global
	GlobalSection(SolutionConfigurationPlatforms) = preSolution
		Debug|Any CPU = Debug|Any CPU
		Release|Any CPU = Release|Any CPU
	EndGlobalSection
	GlobalSection(ProjectConfigurationPlatforms) = postSolution
		{A080FD12-D52A-9263-801E-960585003096}.Debug|Any CPU.ActiveCfg = Debug|Any CPU
		{A080FD12-D52A-9263-801E-960585003096}.Debug|Any CPU.Build.0 = Debug|Any CPU
		{A080FD12-D52A-9263-801E-960585003096}.Release|Any CPU.ActiveCfg = Release|Any CPU
		{A080FD12-D52A-9263-801E-960585003096}.Release|Any CPU.Build.0 = Release|Any CPU
	EndGlobalSection
	GlobalSection(SolutionProperties) = preSolution
		HideSolutionNode = FALSE
	EndGlobalSection
	GlobalSection(ExtensibilityGlobals) = postSolution
		SolutionGuid = {E7BFC2DD-8965-449D-9BA6-0B25863D9D02}
	EndGlobalSection
EndGlobal
