Microsoft Visual Studio Solution File, Format Version 12.00
# Visual Studio Version 17
VisualStudioVersion = 17.5.2.0
MinimumVisualStudioVersion = 10.0.40219.1
Project("{FAE04EC0-301F-11D3-BF4B-00C04F79EFBC}") = "219. Contains Duplicate II", "219. Contains Duplicate II.csproj", "{7387E755-1636-ACA9-1725-161657C78F69}"
EndProject
Global
	GlobalSection(SolutionConfigurationPlatforms) = preSolution
		Debug|Any CPU = Debug|Any CPU
		Release|Any CPU = Release|Any CPU
	EndGlobalSection
	GlobalSection(ProjectConfigurationPlatforms) = postSolution
		{7387E755-1636-ACA9-1725-161657C78F69}.Debug|Any CPU.ActiveCfg = Debug|Any CPU
		{7387E755-1636-ACA9-1725-161657C78F69}.Debug|Any CPU.Build.0 = Debug|Any CPU
		{7387E755-1636-ACA9-1725-161657C78F69}.Release|Any CPU.ActiveCfg = Release|Any CPU
		{7387E755-1636-ACA9-1725-161657C78F69}.Release|Any CPU.Build.0 = Release|Any CPU
	EndGlobalSection
	GlobalSection(SolutionProperties) = preSolution
		HideSolutionNode = FALSE
	EndGlobalSection
	GlobalSection(ExtensibilityGlobals) = postSolution
		SolutionGuid = {1B6F6D58-D62C-4669-8A59-370BC47CD7C5}
	EndGlobalSection
EndGlobal
