Microsoft Visual Studio Solution File, Format Version 12.00
# Visual Studio Version 17
VisualStudioVersion = 17.5.2.0
MinimumVisualStudioVersion = 10.0.40219.1
Project("{FAE04EC0-301F-11D3-BF4B-00C04F79EFBC}") = "1. Two Sum", "1. Two Sum.csproj", "{7850E011-113A-4B3E-7C56-85615BACA77E}"
EndProject
Global
	GlobalSection(SolutionConfigurationPlatforms) = preSolution
		Debug|Any CPU = Debug|Any CPU
		Release|Any CPU = Release|Any CPU
	EndGlobalSection
	GlobalSection(ProjectConfigurationPlatforms) = postSolution
		{7850E011-113A-4B3E-7C56-85615BACA77E}.Debug|Any CPU.ActiveCfg = Debug|Any CPU
		{7850E011-113A-4B3E-7C56-85615BACA77E}.Debug|Any CPU.Build.0 = Debug|Any CPU
		{7850E011-113A-4B3E-7C56-85615BACA77E}.Release|Any CPU.ActiveCfg = Release|Any CPU
		{7850E011-113A-4B3E-7C56-85615BACA77E}.Release|Any CPU.Build.0 = Release|Any CPU
	EndGlobalSection
	GlobalSection(SolutionProperties) = preSolution
		HideSolutionNode = FALSE
	EndGlobalSection
	GlobalSection(ExtensibilityGlobals) = postSolution
		SolutionGuid = {6BF05005-F5C3-412C-A750-9F7E3D289A0F}
	EndGlobalSection
EndGlobal
