Microsoft Visual Studio Solution File, Format Version 12.00
# Visual Studio Version 17
VisualStudioVersion = 17.5.2.0
MinimumVisualStudioVersion = 10.0.40219.1
Project("{FAE04EC0-301F-11D3-BF4B-00C04F79EFBC}") = "112. Path Sum", "112. Path Sum.csproj", "{5089D8F8-B61C-7676-84BC-669AB83C16FA}"
EndProject
Global
	GlobalSection(SolutionConfigurationPlatforms) = preSolution
		Debug|Any CPU = Debug|Any CPU
		Release|Any CPU = Release|Any CPU
	EndGlobalSection
	GlobalSection(ProjectConfigurationPlatforms) = postSolution
		{5089D8F8-B61C-7676-84BC-669AB83C16FA}.Debug|Any CPU.ActiveCfg = Debug|Any CPU
		{5089D8F8-B61C-7676-84BC-669AB83C16FA}.Debug|Any CPU.Build.0 = Debug|Any CPU
		{5089D8F8-B61C-7676-84BC-669AB83C16FA}.Release|Any CPU.ActiveCfg = Release|Any CPU
		{5089D8F8-B61C-7676-84BC-669AB83C16FA}.Release|Any CPU.Build.0 = Release|Any CPU
	EndGlobalSection
	GlobalSection(SolutionProperties) = preSolution
		HideSolutionNode = FALSE
	EndGlobalSection
	GlobalSection(ExtensibilityGlobals) = postSolution
		SolutionGuid = {54451C13-81E8-44D2-A030-906E187F6292}
	EndGlobalSection
EndGlobal
