Microsoft Visual Studio Solution File, Format Version 12.00
# Visual Studio Version 17
VisualStudioVersion = 17.5.2.0
MinimumVisualStudioVersion = 10.0.40219.1
Project("{FAE04EC0-301F-11D3-BF4B-00C04F79EFBC}") = "228. Summary Ranges", "228. Summary Ranges.csproj", "{C1354E0C-4918-471F-C176-3745E5D17CE3}"
EndProject
Global
	GlobalSection(SolutionConfigurationPlatforms) = preSolution
		Debug|Any CPU = Debug|Any CPU
		Release|Any CPU = Release|Any CPU
	EndGlobalSection
	GlobalSection(ProjectConfigurationPlatforms) = postSolution
		{C1354E0C-4918-471F-C176-3745E5D17CE3}.Debug|Any CPU.ActiveCfg = Debug|Any CPU
		{C1354E0C-4918-471F-C176-3745E5D17CE3}.Debug|Any CPU.Build.0 = Debug|Any CPU
		{C1354E0C-4918-471F-C176-3745E5D17CE3}.Release|Any CPU.ActiveCfg = Release|Any CPU
		{C1354E0C-4918-471F-C176-3745E5D17CE3}.Release|Any CPU.Build.0 = Release|Any CPU
	EndGlobalSection
	GlobalSection(SolutionProperties) = preSolution
		HideSolutionNode = FALSE
	EndGlobalSection
	GlobalSection(ExtensibilityGlobals) = postSolution
		SolutionGuid = {FF7D3015-7642-4449-8F50-B56F4B857AE0}
	EndGlobalSection
EndGlobal
