Microsoft Visual Studio Solution File, Format Version 12.00
# Visual Studio Version 17
VisualStudioVersion = 17.5.2.0
MinimumVisualStudioVersion = 10.0.40219.1
Project("{FAE04EC0-301F-11D3-BF4B-00C04F79EFBC}") = "121. Best Time to Buy and Sell Stock", "121. Best Time to Buy and Sell Stock.csproj", "{AC10E314-2018-A8D6-F68B-A5BB4CD71D34}"
EndProject
Global
	GlobalSection(SolutionConfigurationPlatforms) = preSolution
		Debug|Any CPU = Debug|Any CPU
		Release|Any CPU = Release|Any CPU
	EndGlobalSection
	GlobalSection(ProjectConfigurationPlatforms) = postSolution
		{AC10E314-2018-A8D6-F68B-A5BB4CD71D34}.Debug|Any CPU.ActiveCfg = Debug|Any CPU
		{AC10E314-2018-A8D6-F68B-A5BB4CD71D34}.Debug|Any CPU.Build.0 = Debug|Any CPU
		{AC10E314-2018-A8D6-F68B-A5BB4CD71D34}.Release|Any CPU.ActiveCfg = Release|Any CPU
		{AC10E314-2018-A8D6-F68B-A5BB4CD71D34}.Release|Any CPU.Build.0 = Release|Any CPU
	EndGlobalSection
	GlobalSection(SolutionProperties) = preSolution
		HideSolutionNode = FALSE
	EndGlobalSection
	GlobalSection(ExtensibilityGlobals) = postSolution
		SolutionGuid = {7298B8C6-A621-4F34-A156-B0B903172486}
	EndGlobalSection
EndGlobal
