
Microsoft Visual Studio Solution File, Format Version 12.00
# Visual Studio Version 17
VisualStudioVersion = 17.5.002.0
MinimumVisualStudioVersion = 10.0.40219.1
Project("{9A19103F-16F7-4668-BE54-9A1E7A4F7556}") = "17. Letter Combinations of a Phone Number", "17. Letter Combinations of a Phone Number.csproj", "{FAE19FEB-DEB3-426D-9C5F-D46C2BAE040C}"
EndProject
Global
	GlobalSection(SolutionConfigurationPlatforms) = preSolution
		Debug|Any CPU = Debug|Any CPU
		Release|Any CPU = Release|Any CPU
	EndGlobalSection
	GlobalSection(ProjectConfigurationPlatforms) = postSolution
		{FAE19FEB-DEB3-426D-9C5F-D46C2BAE040C}.Debug|Any CPU.ActiveCfg = Debug|Any CPU
		{FAE19FEB-DEB3-426D-9C5F-D46C2BAE040C}.Debug|Any CPU.Build.0 = Debug|Any CPU
		{FAE19FEB-DEB3-426D-9C5F-D46C2BAE040C}.Release|Any CPU.ActiveCfg = Release|Any CPU
		{FAE19FEB-DEB3-426D-9C5F-D46C2BAE040C}.Release|Any CPU.Build.0 = Release|Any CPU
	EndGlobalSection
	GlobalSection(SolutionProperties) = preSolution
		HideSolutionNode = FALSE
	EndGlobalSection
	GlobalSection(ExtensibilityGlobals) = postSolution
		SolutionGuid = {5F75F94F-BD4B-465D-971E-0AF815380AF4}
	EndGlobalSection
EndGlobal
