Microsoft Visual Studio Solution File, Format Version 12.00
# Visual Studio Version 17
VisualStudioVersion = 17.5.2.0
MinimumVisualStudioVersion = 10.0.40219.1
Project("{FAE04EC0-301F-11D3-BF4B-00C04F79EFBC}") = "15. 3Sum", "15. 3Sum.csproj", "{FF852FB0-BF14-FDE1-618A-F12B07593A59}"
EndProject
Global
	GlobalSection(SolutionConfigurationPlatforms) = preSolution
		Debug|Any CPU = Debug|Any CPU
		Release|Any CPU = Release|Any CPU
	EndGlobalSection
	GlobalSection(ProjectConfigurationPlatforms) = postSolution
		{FF852FB0-BF14-FDE1-618A-F12B07593A59}.Debug|Any CPU.ActiveCfg = Debug|Any CPU
		{FF852FB0-BF14-FDE1-618A-F12B07593A59}.Debug|Any CPU.Build.0 = Debug|Any CPU
		{FF852FB0-BF14-FDE1-618A-F12B07593A59}.Release|Any CPU.ActiveCfg = Release|Any CPU
		{FF852FB0-BF14-FDE1-618A-F12B07593A59}.Release|Any CPU.Build.0 = Release|Any CPU
	EndGlobalSection
	GlobalSection(SolutionProperties) = preSolution
		HideSolutionNode = FALSE
	EndGlobalSection
	GlobalSection(ExtensibilityGlobals) = postSolution
		SolutionGuid = {5712D055-C3B1-4170-AF8B-1D8D5F19D3A4}
	EndGlobalSection
EndGlobal
