Microsoft Visual Studio Solution File, Format Version 12.00
# Visual Studio Version 17
VisualStudioVersion = 17.5.2.0
MinimumVisualStudioVersion = 10.0.40219.1
Project("{FAE04EC0-301F-11D3-BF4B-00C04F79EFBC}") = "70. Climbing Stairs", "70. Climbing Stairs.csproj", "{0854D3CC-BC09-2240-3107-2494DCB026E3}"
EndProject
Global
	GlobalSection(SolutionConfigurationPlatforms) = preSolution
		Debug|Any CPU = Debug|Any CPU
		Release|Any CPU = Release|Any CPU
	EndGlobalSection
	GlobalSection(ProjectConfigurationPlatforms) = postSolution
		{0854D3CC-BC09-2240-3107-2494DCB026E3}.Debug|Any CPU.ActiveCfg = Debug|Any CPU
		{0854D3CC-BC09-2240-3107-2494DCB026E3}.Debug|Any CPU.Build.0 = Debug|Any CPU
		{0854D3CC-BC09-2240-3107-2494DCB026E3}.Release|Any CPU.ActiveCfg = Release|Any CPU
		{0854D3CC-BC09-2240-3107-2494DCB026E3}.Release|Any CPU.Build.0 = Release|Any CPU
	EndGlobalSection
	GlobalSection(SolutionProperties) = preSolution
		HideSolutionNode = FALSE
	EndGlobalSection
	GlobalSection(ExtensibilityGlobals) = postSolution
		SolutionGuid = {203D5FE7-F560-4C1D-8047-C342412ABCC4}
	EndGlobalSection
EndGlobal
