Microsoft Visual Studio Solution File, Format Version 12.00
# Visual Studio Version 17
VisualStudioVersion = 17.5.2.0
MinimumVisualStudioVersion = 10.0.40219.1
Project("{FAE04EC0-301F-11D3-BF4B-00C04F79EFBC}") = "119. Pascal's Triangle II", "119. Pascal's Triangle II.csproj", "{E1AD787C-F87E-156E-6D1F-587C07FBFD65}"
EndProject
Global
	GlobalSection(SolutionConfigurationPlatforms) = preSolution
		Debug|Any CPU = Debug|Any CPU
		Release|Any CPU = Release|Any CPU
	EndGlobalSection
	GlobalSection(ProjectConfigurationPlatforms) = postSolution
		{E1AD787C-F87E-156E-6D1F-587C07FBFD65}.Debug|Any CPU.ActiveCfg = Debug|Any CPU
		{E1AD787C-F87E-156E-6D1F-587C07FBFD65}.Debug|Any CPU.Build.0 = Debug|Any CPU
		{E1AD787C-F87E-156E-6D1F-587C07FBFD65}.Release|Any CPU.ActiveCfg = Release|Any CPU
		{E1AD787C-F87E-156E-6D1F-587C07FBFD65}.Release|Any CPU.Build.0 = Release|Any CPU
	EndGlobalSection
	GlobalSection(SolutionProperties) = preSolution
		HideSolutionNode = FALSE
	EndGlobalSection
	GlobalSection(ExtensibilityGlobals) = postSolution
		SolutionGuid = {6178CFCC-C9D3-4FD7-BB0A-FD20CFCB5F45}
	EndGlobalSection
EndGlobal
